{
  "name": "diceGame",
  "lockfileVersion": 3,
  "requires": true,
  "packages": {
    "": {
      "dependencies": {
        "crypto.js": "^3.3.4",
        "readline-sync": "^1.4.10"
      }
    },
    "node_modules/crypto.js": {
      "version": "3.3.4",
      "resolved": "https://registry.npmjs.org/crypto.js/-/crypto.js-3.3.4.tgz",
      "integrity": "sha512-2Xio/TBrCkaTSSFYNn1zdpXsmAupPmcEHsl8LPdGkyiUXmbsg9/8lFiHvZXSP9NdGrFtC6pZjqRxRoj4zODfFQ=="
    },
    "node_modules/readline-sync": {
      "version": "1.4.10",
      "resolved": "https://registry.npmjs.org/readline-sync/-/readline-sync-1.4.10.tgz",
      "integrity": "sha512-gNva8/6UAe8QYepIQH/jQ2qn91Qj0B9sYjMBBs3QOB8F2CXcKgLxQaJRP76sWVRQt+QU+8fAkCbCvjjMFu7Ycw==",
      "engines": {
        "node": ">= 0.8.0"
      }
    }
  }
}
